// !$*UTF8*$!
{
	archiveVersion = 1;
	classes = {
	};
	objectVersion = 77;
	objects = {

/* Begin PBXBuildFile section */
		00FDD701DB74DCD2D82E469B /* Inter-Regular.ttf in Resources */ = {isa = PBXBuildFile; fileRef = 63029DDE28C7BA064F3EA0AE /* Inter-Regular.ttf */; };
		0C4F5B379C1114D2F4F50C2E /* focally-focus-off-signed.shortcut in Resources */ = {isa = PBXBuildFile; fileRef = 0DEA92C31BB1683C614672E5 /* focally-focus-off-signed.shortcut */; };
		0CB0FBE091E9FB84F36F2E5F /* TimerControlsView.swift in Sources */ = {isa = PBXBuildFile; fileRef = 1AEE7F3695EF4097CA9CAA33 /* TimerControlsView.swift */; };
		0E041FFD0374DC4E0391F641 /* MetricsPage.swift in Sources */ = {isa = PBXBuildFile; fileRef = DA5FBFE134F2E3538C855A77 /* MetricsPage.swift */; };
		151E5A8420AFEC29524AF41F /* TopBarView.swift in Sources */ = {isa = PBXBuildFile; fileRef = 824FFB84C09F608FF1A0E65B /* TopBarView.swift */; };
		1546EA3A0E314D00A7465E21 /* SoundPlayerService.swift in Sources */ = {isa = PBXBuildFile; fileRef = E6D891CCE8D1B47F36A376EF /* SoundPlayerService.swift */; };
		1CDEA207B423CA61E8D21033 /* Cocoa.framework in Frameworks */ = {isa = PBXBuildFile; fileRef = 1825FA0D4F141DB46F655310 /* Cocoa.framework */; };
		1E17BA06DAEC282EBDA56AFD /* FocusTypesService.swift in Sources */ = {isa = PBXBuildFile; fileRef = 0BDD8975948D7ADA1DC629EF /* FocusTypesService.swift */; };
		1EB7549C72A8A8EBB126ADED /* glass_005.aiff in Resources */ = {isa = PBXBuildFile; fileRef = 798F580A999292FEF45A0C39 /* glass_005.aiff */; };
		2014D50F7122A0AFCBDA1855 /* IntegrationsSettingsView.swift in Sources */ = {isa = PBXBuildFile; fileRef = 31D39D966FFC20A42278A9DC /* IntegrationsSettingsView.swift */; };
		22CE09543F47353743C5813D /* SharedComponents.swift in Sources */ = {isa = PBXBuildFile; fileRef = 6E1B7C50E674FBFB62FE9DF9 /* SharedComponents.swift */; };
		23343E6DF0FA805301371444 /* FocusModeTests.swift in Sources */ = {isa = PBXBuildFile; fileRef = 2262AAC6B20B8D409E0E1122 /* FocusModeTests.swift */; };
		23CA5E5D93EED629835AFEDE /* WorkspaceLifecycleCoordinator.swift in Sources */ = {isa = PBXBuildFile; fileRef = 489186597FBC47E63912C62F /* WorkspaceLifecycleCoordinator.swift */; };
		2731EA700E29620308CD9A7A /* LocalizedText.swift in Sources */ = {isa = PBXBuildFile; fileRef = 45E84D3100C98A086F2F66CA /* LocalizedText.swift */; };
		28F4668E8B5055976BA76C10 /* SidebarItemView.swift in Sources */ = {isa = PBXBuildFile; fileRef = E2BC49EFF50AC94A6253C1A4 /* SidebarItemView.swift */; };
		29B7D127E99DE7B01F268890 /* FocallyUITests.swift in Sources */ = {isa = PBXBuildFile; fileRef = 1894B41DF72CDB2742449EF9 /* FocallyUITests.swift */; };
		2A37C62EE60CCEEBE24F3D2B /* FocusType.swift in Sources */ = {isa = PBXBuildFile; fileRef = 31B59FC6C76C3AC75D7864B9 /* FocusType.swift */; };
		2CED945CAF9A7201E1238792 /* FocusTimerServiceTests.swift in Sources */ = {isa = PBXBuildFile; fileRef = 335C2B031BB8F4E600F7CBF2 /* FocusTimerServiceTests.swift */; };
		3128A40B9240FF4BF6648363 /* SlackCalendarSettings.swift in Sources */ = {isa = PBXBuildFile; fileRef = EBAABDC097244664E4B881E9 /* SlackCalendarSettings.swift */; };
		347C6E30DA41A08BCF67E7AE /* FocusTypesSettingsView.swift in Sources */ = {isa = PBXBuildFile; fileRef = E0B0A006AE023C6292115993 /* FocusTypesSettingsView.swift */; };
		36E84D8E2E026E279FB6512E /* PomodoroState.swift in Sources */ = {isa = PBXBuildFile; fileRef = C17386F3788F2D2F1263DBDD /* PomodoroState.swift */; };
		3C00972814298660B247AD5A /* AppLanguage.swift in Sources */ = {isa = PBXBuildFile; fileRef = B95A80A407C1873456D6EBBF /* AppLanguage.swift */; };
		3CA50BD80850175F7912AB33 /* FocusMode.swift in Sources */ = {isa = PBXBuildFile; fileRef = B309416511CC57079912AFE6 /* FocusMode.swift */; };
		3CC347CA3B86E21F7D0947E8 /* FocallyGlassModifier.swift in Sources */ = {isa = PBXBuildFile; fileRef = EE5872A55A4E62A78C086B3F /* FocallyGlassModifier.swift */; };
		3F2C012DD23E311952774209 /* DayOfWeekFilterSheet.swift in Sources */ = {isa = PBXBuildFile; fileRef = 1ED848256E51CF79ED15AE0E /* DayOfWeekFilterSheet.swift */; };
		4013DB4168726C4BC319A849 /* UTType+Shortcut.swift in Sources */ = {isa = PBXBuildFile; fileRef = F73FD9C93C410F06A3F70522 /* UTType+Shortcut.swift */; };
		41890883893A4D5DB94888F7 /* FocusModeCard.swift in Sources */ = {isa = PBXBuildFile; fileRef = A60EAC6650F242AB6FC011BB /* FocusModeCard.swift */; };
		42238CB9D8ABDFB1628167C2 /* Localizable.strings in Resources */ = {isa = PBXBuildFile; fileRef = 98ECF6F0911D78E7836F5068 /* Localizable.strings */; };
		470674ED676ABCEE360D6491 /* ManagedFocusShortcutsService.swift in Sources */ = {isa = PBXBuildFile; fileRef = 74F4F2AE23DFD90F463FD655 /* ManagedFocusShortcutsService.swift */; };
		4904DB087CDE1FDE69A95334 /* PersistedFocusSession.swift in Sources */ = {isa = PBXBuildFile; fileRef = 47C58CA0622113E115928BCB /* PersistedFocusSession.swift */; };
		4918E9CBBD4CC68BA3921FA3 /* en.lproj in Resources */ = {isa = PBXBuildFile; fileRef = 7E2AD28154EB8F29CA62613D /* en.lproj */; };
		4A71B77749BFC19FA117E9D1 /* SlackServiceEmojiTests.swift in Sources */ = {isa = PBXBuildFile; fileRef = F8A166401D4CE1B53CAC830D /* SlackServiceEmojiTests.swift */; };
		4C0A3FE7746EDEED810ABE73 /* CalendarMeetingCard.swift in Sources */ = {isa = PBXBuildFile; fileRef = ECC6A5FE697AA23DE9211391 /* CalendarMeetingCard.swift */; };
		4DA6D3EC99C075CD80C09883 /* confirmation_003.aiff in Resources */ = {isa = PBXBuildFile; fileRef = C7E61C75E38A608F61F0D844 /* confirmation_003.aiff */; };
		4DEE05BD15C92AF20B72BBBA /* WorkspaceLifecycleCoordinatorTests.swift in Sources */ = {isa = PBXBuildFile; fileRef = 2D026F9E503A07EBDCF3D330 /* WorkspaceLifecycleCoordinatorTests.swift */; };
		4E171CBDCAE413F2F4D0F49F /* FocallyTab.swift in Sources */ = {isa = PBXBuildFile; fileRef = 72E8B02857EA57B0B2F2F757 /* FocallyTab.swift */; };
		502C0C2CECF49B7B51437EA5 /* IdleDashboardView.swift in Sources */ = {isa = PBXBuildFile; fileRef = B860787C9D927F44E814A0E0 /* IdleDashboardView.swift */; };
		514A298887A5C0137A1FE5FA /* SlackServiceSingletonTests.swift in Sources */ = {isa = PBXBuildFile; fileRef = CB15EBD18D837EBD03246513 /* SlackServiceSingletonTests.swift */; };
		51CC745EDB82F7DA9B0F6417 /* pt.lproj in Resources */ = {isa = PBXBuildFile; fileRef = 9D7A94AF842BA26A1156F5E9 /* pt.lproj */; };
		569C27BAFE95086403B5EBD0 /* CardModifier.swift in Sources */ = {isa = PBXBuildFile; fileRef = C748C5C5C964CFE0D53D32A8 /* CardModifier.swift */; };
		5B72D2EA62C4AE9E2D086EF6 /* es.lproj in Resources */ = {isa = PBXBuildFile; fileRef = 4F41CEC41E4906B3E45ACE6B /* es.lproj */; };
		5E87D1D1B723D8B59DE9F6AB /* SoundPlayerServiceTests.swift in Sources */ = {isa = PBXBuildFile; fileRef = 494DE7CEACDD86B5D1F6D271 /* SoundPlayerServiceTests.swift */; };
		5F838DC6DC730CF3D6EA46D9 /* FocallyColors.swift in Sources */ = {isa = PBXBuildFile; fileRef = 440DA683BDD9156AD84D322C /* FocallyColors.swift */; };
		611D1558627CFBC662CC3EC2 /* SessionPersistenceServiceTests.swift in Sources */ = {isa = PBXBuildFile; fileRef = 4A3435CC028CEF24160086E2 /* SessionPersistenceServiceTests.swift */; };
		62800918C6A9ABAF71CE9F6C /* AppearanceSettingsView.swift in Sources */ = {isa = PBXBuildFile; fileRef = F09389E957ADEB70D2BD6A48 /* AppearanceSettingsView.swift */; };
		63A648A7E8ACFA991912B86D /* Logger.swift in Sources */ = {isa = PBXBuildFile; fileRef = 867AE7AACA30C0FD8D4ABA7E /* Logger.swift */; };
		679740AFC847642945563E39 /* bell.aiff in Resources */ = {isa = PBXBuildFile; fileRef = 8106D91600D3C2013F5ACD33 /* bell.aiff */; };
		67B5DD1ACE3D39898FAA43C6 /* SessionPersistenceService.swift in Sources */ = {isa = PBXBuildFile; fileRef = 482DD8C2A7930D3627965D9D /* SessionPersistenceService.swift */; };
		68F5DEEE11D3BCAD5A8B1A63 /* focally-focus-on-signed.shortcut in Resources */ = {isa = PBXBuildFile; fileRef = D1284C85CCD279FD11125147 /* focally-focus-on-signed.shortcut */; };
		6B6C84E33B67757CA8B0CB18 /* EmojiView.swift in Sources */ = {isa = PBXBuildFile; fileRef = B684F97343BEF991F6AC0F71 /* EmojiView.swift */; };
		6CB349FD5A20890E40E0ECC3 /* NotificationService.swift in Sources */ = {isa = PBXBuildFile; fileRef = 4414920B6A39DCAF591E7C0D /* NotificationService.swift */; };
		6EFB8B30AE5AAFA2CBCF3950 /* FocusTimerTicker.swift in Sources */ = {isa = PBXBuildFile; fileRef = 34C5B5DDD996A3525E4E2132 /* FocusTimerTicker.swift */; };
		6F971A4BAF0AFD199B6948A1 /* LayerTests.swift in Sources */ = {isa = PBXBuildFile; fileRef = 7E5DB55686DFAEB6AAB22D07 /* LayerTests.swift */; };
		71297668B2A2B4A07624D8FC /* OnItFocusApp.swift in Sources */ = {isa = PBXBuildFile; fileRef = 442CEDEC7C104DB30E47CE7F /* OnItFocusApp.swift */; };
		72C50B6FF38D05A2E9F440C5 /* FocallySpacing.swift in Sources */ = {isa = PBXBuildFile; fileRef = 887E284DE9F5C9CF995676B1 /* FocallySpacing.swift */; };
		77F5833236C41851956FFA35 /* DayOfMonthFilterSheet.swift in Sources */ = {isa = PBXBuildFile; fileRef = A7C81AE90F26064902AB1692 /* DayOfMonthFilterSheet.swift */; };
		7C262F088F990DED923716C5 /* DNDService.swift in Sources */ = {isa = PBXBuildFile; fileRef = F2E3F6355136EFD90EE198C8 /* DNDService.swift */; };
		803039DD967F5D993EC45A02 /* Inter-Medium.ttf in Resources */ = {isa = PBXBuildFile; fileRef = 69BA6A62FBD191361AA67F13 /* Inter-Medium.ttf */; };
		809EBE91F71EE7FC5E7AE0C8 /* Inter-Bold.ttf in Resources */ = {isa = PBXBuildFile; fileRef = 67D595C270A8FFD564B6ADF4 /* Inter-Bold.ttf */; };
		84AC2BAA9F2CCA1495A302B5 /* SlackService.swift in Sources */ = {isa = PBXBuildFile; fileRef = 0179E6DB0D32C6C38E33CE35 /* SlackService.swift */; };
		84EF6C4BB36E75A5A9DF22B3 /* FocusSessionRecord.swift in Sources */ = {isa = PBXBuildFile; fileRef = 1409BAE5B5CDE7CA90D858B5 /* FocusSessionRecord.swift */; };
		8F78AC672E80865A93223480 /* KeychainHelper.swift in Sources */ = {isa = PBXBuildFile; fileRef = 4974D6DCBBEF4EDAD90D1BC8 /* KeychainHelper.swift */; };
		91403EE941CCFB17EA5AD082 /* TimerPage.swift in Sources */ = {isa = PBXBuildFile; fileRef = 191E59EB17B55941B8BE4DFC /* TimerPage.swift */; };
		91620130CF7F160A52EED66A /* MonthlyMetricsView.swift in Sources */ = {isa = PBXBuildFile; fileRef = FB59D3124E36D64872ABE213 /* MonthlyMetricsView.swift */; };
		93EE71221692619CD1E52FB0 /* SettingsStore.swift in Sources */ = {isa = PBXBuildFile; fileRef = 86E8C1CF44EBDEC378C64D75 /* SettingsStore.swift */; };
		970D3C8AD2A7D59A0BB95DCC /* FocallyTheme.swift in Sources */ = {isa = PBXBuildFile; fileRef = 09C970E080ECA16E573C5DB4 /* FocallyTheme.swift */; };
		97DD6CBC31149C9D2AA59EDF /* EstimatedTimeCard.swift in Sources */ = {isa = PBXBuildFile; fileRef = 9FCE523D9EFCCD10CFBD8794 /* EstimatedTimeCard.swift */; };
		97E3AD06B833C445DDDAA2B4 /* CalendarSlackIntegrationService.swift in Sources */ = {isa = PBXBuildFile; fileRef = 09083B42E25E01699D0688CD /* CalendarSlackIntegrationService.swift */; };
		9D6DB5388C88D7DDB0AF8655 /* PermissionService.swift in Sources */ = {isa = PBXBuildFile; fileRef = DD86686DB30D916F1B8BA083 /* PermissionService.swift */; };
		A5C5DDFD64A5AA925679A34B /* AboutSettingsView.swift in Sources */ = {isa = PBXBuildFile; fileRef = FADCCBBE20EDDDB13F223879 /* AboutSettingsView.swift */; };
		AAB08AFF8D55115118E12B39 /* SidebarView.swift in Sources */ = {isa = PBXBuildFile; fileRef = 18DF9DEEC76304DC26DB445F /* SidebarView.swift */; };
		ADAA439E664426F93640E1CC /* GeneralSettingsView.swift in Sources */ = {isa = PBXBuildFile; fileRef = 333B9C2677E37101A21C54C8 /* GeneralSettingsView.swift */; };
		ADF6E6ACAE531242A66946CB /* AppIcon.icns in Resources */ = {isa = PBXBuildFile; fileRef = B7294FD9B10CC42662103B9B /* AppIcon.icns */; };
		B089356893019F08B27B5734 /* SimpleTests.swift in Sources */ = {isa = PBXBuildFile; fileRef = 1C18F5B206E8657516539F2E /* SimpleTests.swift */; };
		B1E9F024B14AEA542E11AEE3 /* FocusMetricsServiceTests.swift in Sources */ = {isa = PBXBuildFile; fileRef = 19F711C098187E7310E8039B /* FocusMetricsServiceTests.swift */; };
		B451FACCAC9DBC96264B7812 /* Metrics.swift in Sources */ = {isa = PBXBuildFile; fileRef = F92387AD9F889C1D3B3C1E65 /* Metrics.swift */; };
		B758763E9D491EC281759FA3 /* EmojiCacheService.swift in Sources */ = {isa = PBXBuildFile; fileRef = E557172E7F71C3EFA1EC26BD /* EmojiCacheService.swift */; };
		B83B768C2CF5BCC948DBD75B /* DesignSystemTestView.swift in Sources */ = {isa = PBXBuildFile; fileRef = 8C2677CB56C06B2FD04DCAF2 /* DesignSystemTestView.swift */; };
		B85765DC57360EB88FC07D4F /* XCTest.framework in Frameworks */ = {isa = PBXBuildFile; fileRef = 1FC2FFB5F85CDDA3E70224E8 /* XCTest.framework */; };
		BB40A5E3AF07A27BBAD14850 /* DailyMetricsView.swift in Sources */ = {isa = PBXBuildFile; fileRef = 89097339EC6F280CD7AF1427 /* DailyMetricsView.swift */; };
		C3864524ED31392C860C9CB0 /* EmojiValidatorTests.swift in Sources */ = {isa = PBXBuildFile; fileRef = 87D7FFEBF6758DED03A99F75 /* EmojiValidatorTests.swift */; };
		C8E3101214D8C67323091F56 /* XCTest.framework in Frameworks */ = {isa = PBXBuildFile; fileRef = 1FC2FFB5F85CDDA3E70224E8 /* XCTest.framework */; };
		CAECDE4AC6D75573BAECAF34 /* ActiveFocusView.swift in Sources */ = {isa = PBXBuildFile; fileRef = 4C4F3C46236A4B727B225E9D /* ActiveFocusView.swift */; };
		CC6B0E5B7BD7393534E5039F /* Inter-SemiBold.ttf in Resources */ = {isa = PBXBuildFile; fileRef = 55FBAB09E40CDC3EA5F3DF20 /* Inter-SemiBold.ttf */; };
		CD0D4EA3E43042D61BF97784 /* WeeklyMetricsView.swift in Sources */ = {isa = PBXBuildFile; fileRef = E4F7814C1833FF79761439FC /* WeeklyMetricsView.swift */; };
		D47E178868502051F8D6A991 /* pluck_002.aiff in Resources */ = {isa = PBXBuildFile; fileRef = C98C5639BCFE72D1706C0464 /* pluck_002.aiff */; };
		D626EF73E0ACD103321976D9 /* FocallyRadius.swift in Sources */ = {isa = PBXBuildFile; fileRef = 633E55854AB377DA4F68B1CC /* FocallyRadius.swift */; };
		D7092685F6CD40CC458A66C1 /* FocusModeEditSheet.swift in Sources */ = {isa = PBXBuildFile; fileRef = 3A1B83D3B0FB1DC2793D6ACF /* FocusModeEditSheet.swift */; };
		D838842FB637F4CF25588D4E /* MainWindow.swift in Sources */ = {isa = PBXBuildFile; fileRef = 4D5B5ECDE2CC6A65C42B3D2A /* MainWindow.swift */; };
		D9CA31F63FDF043AE3F4D10C /* FocusIntegrationService.swift in Sources */ = {isa = PBXBuildFile; fileRef = 1C383A748971397AA67CDC87 /* FocusIntegrationService.swift */; };
		DD17CDE1096E671F174DE5C0 /* SettingsPage.swift in Sources */ = {isa = PBXBuildFile; fileRef = 80AE26497177767F58D61D45 /* SettingsPage.swift */; };
		E10209BE84D6B1820856B74D /* ShortcutDropHandler.swift in Sources */ = {isa = PBXBuildFile; fileRef = 24AE78AD7DB1C41AF3546103 /* ShortcutDropHandler.swift */; };
		E5668B1A5B138A46B622466A /* AddFocusTypeSheet.swift in Sources */ = {isa = PBXBuildFile; fileRef = 9B5FB366DF1C54F926DB356A /* AddFocusTypeSheet.swift */; };
		E7E1B631AF43E94BE5D1A213 /* EmojiExtractor.swift in Sources */ = {isa = PBXBuildFile; fileRef = 3202E9542B465D61E67F7FCD /* EmojiExtractor.swift */; };
		EA47EA69F07B97F12E89C9EA /* FocusTimerService.swift in Sources */ = {isa = PBXBuildFile; fileRef = 1032F662E9204A6D804DD2EF /* FocusTimerService.swift */; };
		EA48D35F158E4DC1C71ED845 /* Assets.xcassets in Resources */ = {isa = PBXBuildFile; fileRef = B872379B2018EE66D478415E /* Assets.xcassets */; };
		EAF1E3D598E57F3827176A93 /* FocusMetricsService.swift in Sources */ = {isa = PBXBuildFile; fileRef = 8BB52CAE8489AFF1847BDB3D /* FocusMetricsService.swift */; };
		EF03680027AC8B646E16D2C3 /* LanguageSettingsView.swift in Sources */ = {isa = PBXBuildFile; fileRef = B3380D59838114A5E74EC8FB /* LanguageSettingsView.swift */; };
		EF16991241C55E181ED22ACF /* UpdateCheckerService.swift in Sources */ = {isa = PBXBuildFile; fileRef = 4FA3DCAA5E8BBB08B4F07FBC /* UpdateCheckerService.swift */; };
		F1D0296A1D2E03E29B5268CB /* FocusSetupView.swift in Sources */ = {isa = PBXBuildFile; fileRef = A2167F2F8ABA98F76A15B12B /* FocusSetupView.swift */; };
		F2B418ABC78985467BC39DC0 /* EmojiUsageTrackerTests.swift in Sources */ = {isa = PBXBuildFile; fileRef = CE4A33A10E33CF3C551D6C4B /* EmojiUsageTrackerTests.swift */; };
		F2B8CBD723F1F53867939192 /* FocallyTypography.swift in Sources */ = {isa = PBXBuildFile; fileRef = 126D47EF69130589A232D146 /* FocallyTypography.swift */; };
		F40DF10DF8C6C9AE7C7004D7 /* FocusTypeDescriptor.swift in Sources */ = {isa = PBXBuildFile; fileRef = A6CB6CB34222336A36C79677 /* FocusTypeDescriptor.swift */; };
		F50653D56FC8CC950F89B6B6 /* CalendarEventAnalyzer.swift in Sources */ = {isa = PBXBuildFile; fileRef = 997B8F1D411EBDB0ECE90EE3 /* CalendarEventAnalyzer.swift */; };
		F94CE01D65F077489B5FCEC0 /* MenuBarDropdownView.swift in Sources */ = {isa = PBXBuildFile; fileRef = 6F7066639935ACD7D7D50E24 /* MenuBarDropdownView.swift */; };
		FDCE61CA17F494E3B712ACB5 /* PomodoroStateTests.swift in Sources */ = {isa = PBXBuildFile; fileRef = 3FC0021CE8C96398C8B96A45 /* PomodoroStateTests.swift */; };
/* End PBXBuildFile section */

/* Begin PBXContainerItemProxy section */
		02532483FC99B405A079B530 /* PBXContainerItemProxy */ = {
			isa = PBXContainerItemProxy;
			containerPortal = 9D3C71A65D62656251FA73B9 /* Project object */;
			proxyType = 1;
			remoteGlobalIDString = 1AC72FE47D0D41C21F0D01AB;
			remoteInfo = Focally;
		};
		1D142BD0D61C024E91962404 /* PBXContainerItemProxy */ = {
			isa = PBXContainerItemProxy;
			containerPortal = 9D3C71A65D62656251FA73B9 /* Project object */;
			proxyType = 1;
			remoteGlobalIDString = 1AC72FE47D0D41C21F0D01AB;
			remoteInfo = Focally;
		};
/* End PBXContainerItemProxy section */

/* Begin PBXFileReference section */
		0179E6DB0D32C6C38E33CE35 /* SlackService.swift */ = {isa = PBXFileReference; lastKnownFileType = sourcecode.swift; path = SlackService.swift; sourceTree = "<group>"; };
		0267CB7D5ABFC1ED7C04FCAB /* Info.plist */ = {isa = PBXFileReference; lastKnownFileType = text.plist; path = Info.plist; sourceTree = "<group>"; };
		02A06E8000779E54DAFAFDDB /* FocallyTests.xctest */ = {isa = PBXFileReference; explicitFileType = wrapper.cfbundle; includeInIndex = 0; path = FocallyTests.xctest; sourceTree = BUILT_PRODUCTS_DIR; };
		09083B42E25E01699D0688CD /* CalendarSlackIntegrationService.swift */ = {isa = PBXFileReference; lastKnownFileType = sourcecode.swift; path = CalendarSlackIntegrationService.swift; sourceTree = "<group>"; };
		094ACF4CCDAE678B0F17C701 /* es */ = {isa = PBXFileReference; lastKnownFileType = text.plist.strings; name = es; path = es.lproj/Localizable.strings; sourceTree = "<group>"; };
		09C970E080ECA16E573C5DB4 /* FocallyTheme.swift */ = {isa = PBXFileReference; lastKnownFileType = sourcecode.swift; path = FocallyTheme.swift; sourceTree = "<group>"; };
		0BDD8975948D7ADA1DC629EF /* FocusTypesService.swift */ = {isa = PBXFileReference; lastKnownFileType = sourcecode.swift; path = FocusTypesService.swift; sourceTree = "<group>"; };
		0DEA92C31BB1683C614672E5 /* focally-focus-off-signed.shortcut */ = {isa = PBXFileReference; path = "focally-focus-off-signed.shortcut"; sourceTree = "<group>"; };
		1032F662E9204A6D804DD2EF /* FocusTimerService.swift */ = {isa = PBXFileReference; lastKnownFileType = sourcecode.swift; path = FocusTimerService.swift; sourceTree = "<group>"; };
		126D47EF69130589A232D146 /* FocallyTypography.swift */ = {isa = PBXFileReference; lastKnownFileType = sourcecode.swift; path = FocallyTypography.swift; sourceTree = "<group>"; };
		1409BAE5B5CDE7CA90D858B5 /* FocusSessionRecord.swift */ = {isa = PBXFileReference; lastKnownFileType = sourcecode.swift; path = FocusSessionRecord.swift; sourceTree = "<group>"; };
		1825FA0D4F141DB46F655310 /* Cocoa.framework */ = {isa = PBXFileReference; lastKnownFileType = wrapper.framework; name = Cocoa.framework; path = System/Library/Frameworks/Cocoa.framework; sourceTree = SDKROOT; };
		1894B41DF72CDB2742449EF9 /* FocallyUITests.swift */ = {isa = PBXFileReference; lastKnownFileType = sourcecode.swift; path = FocallyUITests.swift; sourceTree = "<group>"; };
		18DF9DEEC76304DC26DB445F /* SidebarView.swift */ = {isa = PBXFileReference; lastKnownFileType = sourcecode.swift; path = SidebarView.swift; sourceTree = "<group>"; };
		191E59EB17B55941B8BE4DFC /* TimerPage.swift */ = {isa = PBXFileReference; lastKnownFileType = sourcecode.swift; path = TimerPage.swift; sourceTree = "<group>"; };
		19F711C098187E7310E8039B /* FocusMetricsServiceTests.swift */ = {isa = PBXFileReference; lastKnownFileType = sourcecode.swift; path = FocusMetricsServiceTests.swift; sourceTree = "<group>"; };
		1AEE7F3695EF4097CA9CAA33 /* TimerControlsView.swift */ = {isa = PBXFileReference; lastKnownFileType = sourcecode.swift; path = TimerControlsView.swift; sourceTree = "<group>"; };
		1C18F5B206E8657516539F2E /* SimpleTests.swift */ = {isa = PBXFileReference; lastKnownFileType = sourcecode.swift; path = SimpleTests.swift; sourceTree = "<group>"; };
		1C383A748971397AA67CDC87 /* FocusIntegrationService.swift */ = {isa = PBXFileReference; lastKnownFileType = sourcecode.swift; path = FocusIntegrationService.swift; sourceTree = "<group>"; };
		1ED848256E51CF79ED15AE0E /* DayOfWeekFilterSheet.swift */ = {isa = PBXFileReference; lastKnownFileType = sourcecode.swift; path = DayOfWeekFilterSheet.swift; sourceTree = "<group>"; };
		1FC2FFB5F85CDDA3E70224E8 /* XCTest.framework */ = {isa = PBXFileReference; lastKnownFileType = wrapper.framework; name = XCTest.framework; path = System/Library/Frameworks/XCTest.framework; sourceTree = SDKROOT; };
		2262AAC6B20B8D409E0E1122 /* FocusModeTests.swift */ = {isa = PBXFileReference; lastKnownFileType = sourcecode.swift; path = FocusModeTests.swift; sourceTree = "<group>"; };
		24AE78AD7DB1C41AF3546103 /* ShortcutDropHandler.swift */ = {isa = PBXFileReference; lastKnownFileType = sourcecode.swift; path = ShortcutDropHandler.swift; sourceTree = "<group>"; };
		2D026F9E503A07EBDCF3D330 /* WorkspaceLifecycleCoordinatorTests.swift */ = {isa = PBXFileReference; lastKnownFileType = sourcecode.swift; path = WorkspaceLifecycleCoordinatorTests.swift; sourceTree = "<group>"; };
		31B59FC6C76C3AC75D7864B9 /* FocusType.swift */ = {isa = PBXFileReference; lastKnownFileType = sourcecode.swift; path = FocusType.swift; sourceTree = "<group>"; };
		31D39D966FFC20A42278A9DC /* IntegrationsSettingsView.swift */ = {isa = PBXFileReference; lastKnownFileType = sourcecode.swift; path = IntegrationsSettingsView.swift; sourceTree = "<group>"; };
		3202E9542B465D61E67F7FCD /* EmojiExtractor.swift */ = {isa = PBXFileReference; lastKnownFileType = sourcecode.swift; path = EmojiExtractor.swift; sourceTree = "<group>"; };
		333B9C2677E37101A21C54C8 /* GeneralSettingsView.swift */ = {isa = PBXFileReference; lastKnownFileType = sourcecode.swift; path = GeneralSettingsView.swift; sourceTree = "<group>"; };
		335C2B031BB8F4E600F7CBF2 /* FocusTimerServiceTests.swift */ = {isa = PBXFileReference; lastKnownFileType = sourcecode.swift; path = FocusTimerServiceTests.swift; sourceTree = "<group>"; };
		34C5B5DDD996A3525E4E2132 /* FocusTimerTicker.swift */ = {isa = PBXFileReference; lastKnownFileType = sourcecode.swift; path = FocusTimerTicker.swift; sourceTree = "<group>"; };
		379E8BFD59E6CCE9B45FA35F /* Focally.entitlements */ = {isa = PBXFileReference; lastKnownFileType = text.plist.entitlements; path = Focally.entitlements; sourceTree = "<group>"; };
		3A1B83D3B0FB1DC2793D6ACF /* FocusModeEditSheet.swift */ = {isa = PBXFileReference; lastKnownFileType = sourcecode.swift; path = FocusModeEditSheet.swift; sourceTree = "<group>"; };
		3FC0021CE8C96398C8B96A45 /* PomodoroStateTests.swift */ = {isa = PBXFileReference; lastKnownFileType = sourcecode.swift; path = PomodoroStateTests.swift; sourceTree = "<group>"; };
		440DA683BDD9156AD84D322C /* FocallyColors.swift */ = {isa = PBXFileReference; lastKnownFileType = sourcecode.swift; path = FocallyColors.swift; sourceTree = "<group>"; };
		4414920B6A39DCAF591E7C0D /* NotificationService.swift */ = {isa = PBXFileReference; lastKnownFileType = sourcecode.swift; path = NotificationService.swift; sourceTree = "<group>"; };
		442CEDEC7C104DB30E47CE7F /* OnItFocusApp.swift */ = {isa = PBXFileReference; lastKnownFileType = sourcecode.swift; path = OnItFocusApp.swift; sourceTree = "<group>"; };
		45E84D3100C98A086F2F66CA /* LocalizedText.swift */ = {isa = PBXFileReference; lastKnownFileType = sourcecode.swift; path = LocalizedText.swift; sourceTree = "<group>"; };
		47C58CA0622113E115928BCB /* PersistedFocusSession.swift */ = {isa = PBXFileReference; lastKnownFileType = sourcecode.swift; path = PersistedFocusSession.swift; sourceTree = "<group>"; };
		482DD8C2A7930D3627965D9D /* SessionPersistenceService.swift */ = {isa = PBXFileReference; lastKnownFileType = sourcecode.swift; path = SessionPersistenceService.swift; sourceTree = "<group>"; };
		489186597FBC47E63912C62F /* WorkspaceLifecycleCoordinator.swift */ = {isa = PBXFileReference; lastKnownFileType = sourcecode.swift; path = WorkspaceLifecycleCoordinator.swift; sourceTree = "<group>"; };
		494DE7CEACDD86B5D1F6D271 /* SoundPlayerServiceTests.swift */ = {isa = PBXFileReference; lastKnownFileType = sourcecode.swift; path = SoundPlayerServiceTests.swift; sourceTree = "<group>"; };
		4974D6DCBBEF4EDAD90D1BC8 /* KeychainHelper.swift */ = {isa = PBXFileReference; lastKnownFileType = sourcecode.swift; path = KeychainHelper.swift; sourceTree = "<group>"; };
		4A3435CC028CEF24160086E2 /* SessionPersistenceServiceTests.swift */ = {isa = PBXFileReference; lastKnownFileType = sourcecode.swift; path = SessionPersistenceServiceTests.swift; sourceTree = "<group>"; };
		4C4F3C46236A4B727B225E9D /* ActiveFocusView.swift */ = {isa = PBXFileReference; lastKnownFileType = sourcecode.swift; path = ActiveFocusView.swift; sourceTree = "<group>"; };
		4D5B5ECDE2CC6A65C42B3D2A /* MainWindow.swift */ = {isa = PBXFileReference; lastKnownFileType = sourcecode.swift; path = MainWindow.swift; sourceTree = "<group>"; };
		4F41CEC41E4906B3E45ACE6B /* es.lproj */ = {isa = PBXFileReference; path = es.lproj; sourceTree = "<group>"; };
		4FA3DCAA5E8BBB08B4F07FBC /* UpdateCheckerService.swift */ = {isa = PBXFileReference; lastKnownFileType = sourcecode.swift; path = UpdateCheckerService.swift; sourceTree = "<group>"; };
		53488A3E81071ACFBF858568 /* en */ = {isa = PBXFileReference; lastKnownFileType = text.plist.strings; name = en; path = en.lproj/Localizable.strings; sourceTree = "<group>"; };
		55FBAB09E40CDC3EA5F3DF20 /* Inter-SemiBold.ttf */ = {isa = PBXFileReference; lastKnownFileType = file; path = "Inter-SemiBold.ttf"; sourceTree = "<group>"; };
		63029DDE28C7BA064F3EA0AE /* Inter-Regular.ttf */ = {isa = PBXFileReference; lastKnownFileType = file; path = "Inter-Regular.ttf"; sourceTree = "<group>"; };
		633E55854AB377DA4F68B1CC /* FocallyRadius.swift */ = {isa = PBXFileReference; lastKnownFileType = sourcecode.swift; path = FocallyRadius.swift; sourceTree = "<group>"; };
		67D595C270A8FFD564B6ADF4 /* Inter-Bold.ttf */ = {isa = PBXFileReference; lastKnownFileType = file; path = "Inter-Bold.ttf"; sourceTree = "<group>"; };
		69BA6A62FBD191361AA67F13 /* Inter-Medium.ttf */ = {isa = PBXFileReference; lastKnownFileType = file; path = "Inter-Medium.ttf"; sourceTree = "<group>"; };
		6E1B7C50E674FBFB62FE9DF9 /* SharedComponents.swift */ = {isa = PBXFileReference; lastKnownFileType = sourcecode.swift; path = SharedComponents.swift; sourceTree = "<group>"; };
		6F7066639935ACD7D7D50E24 /* MenuBarDropdownView.swift */ = {isa = PBXFileReference; lastKnownFileType = sourcecode.swift; path = MenuBarDropdownView.swift; sourceTree = "<group>"; };
		72E8B02857EA57B0B2F2F757 /* FocallyTab.swift */ = {isa = PBXFileReference; lastKnownFileType = sourcecode.swift; path = FocallyTab.swift; sourceTree = "<group>"; };
		74F4F2AE23DFD90F463FD655 /* ManagedFocusShortcutsService.swift */ = {isa = PBXFileReference; lastKnownFileType = sourcecode.swift; path = ManagedFocusShortcutsService.swift; sourceTree = "<group>"; };
		798F580A999292FEF45A0C39 /* glass_005.aiff */ = {isa = PBXFileReference; lastKnownFileType = audio.aiff; path = glass_005.aiff; sourceTree = "<group>"; };
		7E2AD28154EB8F29CA62613D /* en.lproj */ = {isa = PBXFileReference; path = en.lproj; sourceTree = "<group>"; };
		7E5DB55686DFAEB6AAB22D07 /* LayerTests.swift */ = {isa = PBXFileReference; lastKnownFileType = sourcecode.swift; path = LayerTests.swift; sourceTree = "<group>"; };
		80AE26497177767F58D61D45 /* SettingsPage.swift */ = {isa = PBXFileReference; lastKnownFileType = sourcecode.swift; path = SettingsPage.swift; sourceTree = "<group>"; };
		8106D91600D3C2013F5ACD33 /* bell.aiff */ = {isa = PBXFileReference; lastKnownFileType = audio.aiff; path = bell.aiff; sourceTree = "<group>"; };
		824FFB84C09F608FF1A0E65B /* TopBarView.swift */ = {isa = PBXFileReference; lastKnownFileType = sourcecode.swift; path = TopBarView.swift; sourceTree = "<group>"; };
		867AE7AACA30C0FD8D4ABA7E /* Logger.swift */ = {isa = PBXFileReference; lastKnownFileType = sourcecode.swift; path = Logger.swift; sourceTree = "<group>"; };
		86E8C1CF44EBDEC378C64D75 /* SettingsStore.swift */ = {isa = PBXFileReference; lastKnownFileType = sourcecode.swift; path = SettingsStore.swift; sourceTree = "<group>"; };
		87D7FFEBF6758DED03A99F75 /* EmojiValidatorTests.swift */ = {isa = PBXFileReference; lastKnownFileType = sourcecode.swift; path = EmojiValidatorTests.swift; sourceTree = "<group>"; };
		887E284DE9F5C9CF995676B1 /* FocallySpacing.swift */ = {isa = PBXFileReference; lastKnownFileType = sourcecode.swift; path = FocallySpacing.swift; sourceTree = "<group>"; };
		89097339EC6F280CD7AF1427 /* DailyMetricsView.swift */ = {isa = PBXFileReference; lastKnownFileType = sourcecode.swift; path = DailyMetricsView.swift; sourceTree = "<group>"; };
		8BB52CAE8489AFF1847BDB3D /* FocusMetricsService.swift */ = {isa = PBXFileReference; lastKnownFileType = sourcecode.swift; path = FocusMetricsService.swift; sourceTree = "<group>"; };
		8C2677CB56C06B2FD04DCAF2 /* DesignSystemTestView.swift */ = {isa = PBXFileReference; lastKnownFileType = sourcecode.swift; path = DesignSystemTestView.swift; sourceTree = "<group>"; };
		8E5322A16B3B60603C5509F9 /* Focally.app */ = {isa = PBXFileReference; explicitFileType = wrapper.application; includeInIndex = 0; path = Focally.app; sourceTree = BUILT_PRODUCTS_DIR; };
		997B8F1D411EBDB0ECE90EE3 /* CalendarEventAnalyzer.swift */ = {isa = PBXFileReference; lastKnownFileType = sourcecode.swift; path = CalendarEventAnalyzer.swift; sourceTree = "<group>"; };
		9B5FB366DF1C54F926DB356A /* AddFocusTypeSheet.swift */ = {isa = PBXFileReference; lastKnownFileType = sourcecode.swift; path = AddFocusTypeSheet.swift; sourceTree = "<group>"; };
		9D7A94AF842BA26A1156F5E9 /* pt.lproj */ = {isa = PBXFileReference; path = pt.lproj; sourceTree = "<group>"; };
		9FCE523D9EFCCD10CFBD8794 /* EstimatedTimeCard.swift */ = {isa = PBXFileReference; lastKnownFileType = sourcecode.swift; path = EstimatedTimeCard.swift; sourceTree = "<group>"; };
		A2167F2F8ABA98F76A15B12B /* FocusSetupView.swift */ = {isa = PBXFileReference; lastKnownFileType = sourcecode.swift; path = FocusSetupView.swift; sourceTree = "<group>"; };
		A60EAC6650F242AB6FC011BB /* FocusModeCard.swift */ = {isa = PBXFileReference; lastKnownFileType = sourcecode.swift; path = FocusModeCard.swift; sourceTree = "<group>"; };
		A6B424719CB23B5544233E17 /* Info.plist */ = {isa = PBXFileReference; lastKnownFileType = text.plist; path = Info.plist; sourceTree = "<group>"; };
		A6CB6CB34222336A36C79677 /* FocusTypeDescriptor.swift */ = {isa = PBXFileReference; lastKnownFileType = sourcecode.swift; path = FocusTypeDescriptor.swift; sourceTree = "<group>"; };
		A7C81AE90F26064902AB1692 /* DayOfMonthFilterSheet.swift */ = {isa = PBXFileReference; lastKnownFileType = sourcecode.swift; path = DayOfMonthFilterSheet.swift; sourceTree = "<group>"; };
		B309416511CC57079912AFE6 /* FocusMode.swift */ = {isa = PBXFileReference; lastKnownFileType = sourcecode.swift; path = FocusMode.swift; sourceTree = "<group>"; };
		B3380D59838114A5E74EC8FB /* LanguageSettingsView.swift */ = {isa = PBXFileReference; lastKnownFileType = sourcecode.swift; path = LanguageSettingsView.swift; sourceTree = "<group>"; };
		B5043C8ECE27D0D64ACE0515 /* Info.plist */ = {isa = PBXFileReference; lastKnownFileType = text.plist; path = Info.plist; sourceTree = "<group>"; };
		B684F97343BEF991F6AC0F71 /* EmojiView.swift */ = {isa = PBXFileReference; lastKnownFileType = sourcecode.swift; path = EmojiView.swift; sourceTree = "<group>"; };
		B7294FD9B10CC42662103B9B /* AppIcon.icns */ = {isa = PBXFileReference; lastKnownFileType = image.icns; path = AppIcon.icns; sourceTree = "<group>"; };
		B860787C9D927F44E814A0E0 /* IdleDashboardView.swift */ = {isa = PBXFileReference; lastKnownFileType = sourcecode.swift; path = IdleDashboardView.swift; sourceTree = "<group>"; };
		B872379B2018EE66D478415E /* Assets.xcassets */ = {isa = PBXFileReference; lastKnownFileType = folder.assetcatalog; path = Assets.xcassets; sourceTree = "<group>"; };
		B95A80A407C1873456D6EBBF /* AppLanguage.swift */ = {isa = PBXFileReference; lastKnownFileType = sourcecode.swift; path = AppLanguage.swift; sourceTree = "<group>"; };
		C17386F3788F2D2F1263DBDD /* PomodoroState.swift */ = {isa = PBXFileReference; lastKnownFileType = sourcecode.swift; path = PomodoroState.swift; sourceTree = "<group>"; };
		C748C5C5C964CFE0D53D32A8 /* CardModifier.swift */ = {isa = PBXFileReference; lastKnownFileType = sourcecode.swift; path = CardModifier.swift; sourceTree = "<group>"; };
		C7E61C75E38A608F61F0D844 /* confirmation_003.aiff */ = {isa = PBXFileReference; lastKnownFileType = audio.aiff; path = confirmation_003.aiff; sourceTree = "<group>"; };
		C98C5639BCFE72D1706C0464 /* pluck_002.aiff */ = {isa = PBXFileReference; lastKnownFileType = audio.aiff; path = pluck_002.aiff; sourceTree = "<group>"; };
		CB15EBD18D837EBD03246513 /* SlackServiceSingletonTests.swift */ = {isa = PBXFileReference; lastKnownFileType = sourcecode.swift; path = SlackServiceSingletonTests.swift; sourceTree = "<group>"; };
		CBFE7A23E5D451FB60786396 /* FocallyUITests.bundle */ = {isa = PBXFileReference; explicitFileType = wrapper.cfbundle; includeInIndex = 0; path = FocallyUITests.bundle; sourceTree = BUILT_PRODUCTS_DIR; };
		CE4A33A10E33CF3C551D6C4B /* EmojiUsageTrackerTests.swift */ = {isa = PBXFileReference; lastKnownFileType = sourcecode.swift; path = EmojiUsageTrackerTests.swift; sourceTree = "<group>"; };
		CE97A0C0BBC4E27B49C8967D /* pt */ = {isa = PBXFileReference; lastKnownFileType = text.plist.strings; name = pt; path = pt.lproj/Localizable.strings; sourceTree = "<group>"; };
		D1284C85CCD279FD11125147 /* focally-focus-on-signed.shortcut */ = {isa = PBXFileReference; path = "focally-focus-on-signed.shortcut"; sourceTree = "<group>"; };
		DA5FBFE134F2E3538C855A77 /* MetricsPage.swift */ = {isa = PBXFileReference; lastKnownFileType = sourcecode.swift; path = MetricsPage.swift; sourceTree = "<group>"; };
		DD86686DB30D916F1B8BA083 /* PermissionService.swift */ = {isa = PBXFileReference; lastKnownFileType = sourcecode.swift; path = PermissionService.swift; sourceTree = "<group>"; };
		E0B0A006AE023C6292115993 /* FocusTypesSettingsView.swift */ = {isa = PBXFileReference; lastKnownFileType = sourcecode.swift; path = FocusTypesSettingsView.swift; sourceTree = "<group>"; };
		E2BC49EFF50AC94A6253C1A4 /* SidebarItemView.swift */ = {isa = PBXFileReference; lastKnownFileType = sourcecode.swift; path = SidebarItemView.swift; sourceTree = "<group>"; };
		E4F7814C1833FF79761439FC /* WeeklyMetricsView.swift */ = {isa = PBXFileReference; lastKnownFileType = sourcecode.swift; path = WeeklyMetricsView.swift; sourceTree = "<group>"; };
		E557172E7F71C3EFA1EC26BD /* EmojiCacheService.swift */ = {isa = PBXFileReference; lastKnownFileType = sourcecode.swift; path = EmojiCacheService.swift; sourceTree = "<group>"; };
		E6D891CCE8D1B47F36A376EF /* SoundPlayerService.swift */ = {isa = PBXFileReference; lastKnownFileType = sourcecode.swift; path = SoundPlayerService.swift; sourceTree = "<group>"; };
		EBAABDC097244664E4B881E9 /* SlackCalendarSettings.swift */ = {isa = PBXFileReference; lastKnownFileType = sourcecode.swift; path = SlackCalendarSettings.swift; sourceTree = "<group>"; };
		ECC6A5FE697AA23DE9211391 /* CalendarMeetingCard.swift */ = {isa = PBXFileReference; lastKnownFileType = sourcecode.swift; path = CalendarMeetingCard.swift; sourceTree = "<group>"; };
		EE5872A55A4E62A78C086B3F /* FocallyGlassModifier.swift */ = {isa = PBXFileReference; lastKnownFileType = sourcecode.swift; path = FocallyGlassModifier.swift; sourceTree = "<group>"; };
		F09389E957ADEB70D2BD6A48 /* AppearanceSettingsView.swift */ = {isa = PBXFileReference; lastKnownFileType = sourcecode.swift; path = AppearanceSettingsView.swift; sourceTree = "<group>"; };
		F2E3F6355136EFD90EE198C8 /* DNDService.swift */ = {isa = PBXFileReference; lastKnownFileType = sourcecode.swift; path = DNDService.swift; sourceTree = "<group>"; };
		F73FD9C93C410F06A3F70522 /* UTType+Shortcut.swift */ = {isa = PBXFileReference; lastKnownFileType = sourcecode.swift; path = "UTType+Shortcut.swift"; sourceTree = "<group>"; };
		F8A166401D4CE1B53CAC830D /* SlackServiceEmojiTests.swift */ = {isa = PBXFileReference; lastKnownFileType = sourcecode.swift; path = SlackServiceEmojiTests.swift; sourceTree = "<group>"; };
		F92387AD9F889C1D3B3C1E65 /* Metrics.swift */ = {isa = PBXFileReference; lastKnownFileType = sourcecode.swift; path = Metrics.swift; sourceTree = "<group>"; };
		FADCCBBE20EDDDB13F223879 /* AboutSettingsView.swift */ = {isa = PBXFileReference; lastKnownFileType = sourcecode.swift; path = AboutSettingsView.swift; sourceTree = "<group>"; };
		FB59D3124E36D64872ABE213 /* MonthlyMetricsView.swift */ = {isa = PBXFileReference; lastKnownFileType = sourcecode.swift; path = MonthlyMetricsView.swift; sourceTree = "<group>"; };
/* End PBXFileReference section */

/* Begin PBXFrameworksBuildPhase section */
		6DA4D07112D1628A5CC62BC2 /* Frameworks */ = {
			isa = PBXFrameworksBuildPhase;
			buildActionMask = 2147483647;
			files = (
				C8E3101214D8C67323091F56 /* XCTest.framework in Frameworks */,
			);
			runOnlyForDeploymentPostprocessing = 0;
		};
		940DAB78F702C65FEA6C9C5A /* Frameworks */ = {
			isa = PBXFrameworksBuildPhase;
			buildActionMask = 2147483647;
			files = (
				B85765DC57360EB88FC07D4F /* XCTest.framework in Frameworks */,
				1CDEA207B423CA61E8D21033 /* Cocoa.framework in Frameworks */,
			);
			runOnlyForDeploymentPostprocessing = 0;
		};
/* End PBXFrameworksBuildPhase section */

/* Begin PBXGroup section */
		03C34BF8A79CDE73FF89AA66 /* FocallyUITests */ = {
			isa = PBXGroup;
			children = (
				1894B41DF72CDB2742449EF9 /* FocallyUITests.swift */,
				B5043C8ECE27D0D64ACE0515 /* Info.plist */,
			);
			name = FocallyUITests;
			path = Tests/FocallyUITests;
			sourceTree = "<group>";
		};
		0AEF4C2BBDBDF4F45D0BD085 /* Navigation */ = {
			isa = PBXGroup;
			children = (
				72E8B02857EA57B0B2F2F757 /* FocallyTab.swift */,
				E2BC49EFF50AC94A6253C1A4 /* SidebarItemView.swift */,
				18DF9DEEC76304DC26DB445F /* SidebarView.swift */,
				824FFB84C09F608FF1A0E65B /* TopBarView.swift */,
			);
			path = Navigation;
			sourceTree = "<group>";
		};
		122010126CD7EFB3D8B2BF85 /* Views */ = {
			isa = PBXGroup;
			children = (
				A2167F2F8ABA98F76A15B12B /* FocusSetupView.swift */,
				4D5B5ECDE2CC6A65C42B3D2A /* MainWindow.swift */,
				6E1B7C50E674FBFB62FE9DF9 /* SharedComponents.swift */,
				F831EF04D80C14D3ADB7C648 /* Calendar */,
				DCFC64B297D521DB9401584A /* FocusModes */,
				4A2B7356CDB6634F3D74235D /* MenuBar */,
				EE4B76F1DD57D4BEE173F223 /* Metrics */,
				0AEF4C2BBDBDF4F45D0BD085 /* Navigation */,
				FA124C2C4FF6A6CB599B6642 /* Settings */,
				8B1AC60702DFF14DA17604AB /* Shared */,
				7D55B2FE90BE0164AD717B93 /* Timer */,
			);
			path = Views;
			sourceTree = "<group>";
		};
		18BD5D25DEA66C56F6FC7A05 /* Fonts */ = {
			isa = PBXGroup;
			children = (
				67D595C270A8FFD564B6ADF4 /* Inter-Bold.ttf */,
				69BA6A62FBD191361AA67F13 /* Inter-Medium.ttf */,
				63029DDE28C7BA064F3EA0AE /* Inter-Regular.ttf */,
				55FBAB09E40CDC3EA5F3DF20 /* Inter-SemiBold.ttf */,
			);
			path = Fonts;
			sourceTree = "<group>";
		};
		21FB7EC1D4CF9ABCDA9047EC /* Frameworks */ = {
			isa = PBXGroup;
			children = (
				1825FA0D4F141DB46F655310 /* Cocoa.framework */,
				1FC2FFB5F85CDDA3E70224E8 /* XCTest.framework */,
			);
			name = Frameworks;
			sourceTree = "<group>";
		};
		33154AF2EF8078375483C6A2 /* Products */ = {
			isa = PBXGroup;
			children = (
				8E5322A16B3B60603C5509F9 /* Focally.app */,
				02A06E8000779E54DAFAFDDB /* FocallyTests.xctest */,
				CBFE7A23E5D451FB60786396 /* FocallyUITests.bundle */,
			);
			name = Products;
			sourceTree = "<group>";
		};
		4051D8D7C7F98FDA8B860CCE = {
			isa = PBXGroup;
			children = (
				C30EC7C7E2228B6BE149EDDC /* Focally */,
				4D234CE276AA16E933B7536D /* FocallyTests */,
				03C34BF8A79CDE73FF89AA66 /* FocallyUITests */,
				21FB7EC1D4CF9ABCDA9047EC /* Frameworks */,
				33154AF2EF8078375483C6A2 /* Products */,
			);
			sourceTree = "<group>";
		};
		4A2B7356CDB6634F3D74235D /* MenuBar */ = {
			isa = PBXGroup;
			children = (
				6F7066639935ACD7D7D50E24 /* MenuBarDropdownView.swift */,
			);
			path = MenuBar;
			sourceTree = "<group>";
		};
		4D234CE276AA16E933B7536D /* FocallyTests */ = {
			isa = PBXGroup;
			children = (
				CE4A33A10E33CF3C551D6C4B /* EmojiUsageTrackerTests.swift */,
				87D7FFEBF6758DED03A99F75 /* EmojiValidatorTests.swift */,
				19F711C098187E7310E8039B /* FocusMetricsServiceTests.swift */,
				2262AAC6B20B8D409E0E1122 /* FocusModeTests.swift */,
				335C2B031BB8F4E600F7CBF2 /* FocusTimerServiceTests.swift */,
				0267CB7D5ABFC1ED7C04FCAB /* Info.plist */,
				7E5DB55686DFAEB6AAB22D07 /* LayerTests.swift */,
				3FC0021CE8C96398C8B96A45 /* PomodoroStateTests.swift */,
				4A3435CC028CEF24160086E2 /* SessionPersistenceServiceTests.swift */,
				1C18F5B206E8657516539F2E /* SimpleTests.swift */,
				F8A166401D4CE1B53CAC830D /* SlackServiceEmojiTests.swift */,
				CB15EBD18D837EBD03246513 /* SlackServiceSingletonTests.swift */,
				494DE7CEACDD86B5D1F6D271 /* SoundPlayerServiceTests.swift */,
				2D026F9E503A07EBDCF3D330 /* WorkspaceLifecycleCoordinatorTests.swift */,
			);
			name = FocallyTests;
			path = Tests/FocallyTests;
			sourceTree = "<group>";
		};
		4E8101EF9D6FF1BD04DC4D3E /* Models */ = {
			isa = PBXGroup;
			children = (
				B95A80A407C1873456D6EBBF /* AppLanguage.swift */,
				B309416511CC57079912AFE6 /* FocusMode.swift */,
				1409BAE5B5CDE7CA90D858B5 /* FocusSessionRecord.swift */,
				31B59FC6C76C3AC75D7864B9 /* FocusType.swift */,
				A6CB6CB34222336A36C79677 /* FocusTypeDescriptor.swift */,
				47C58CA0622113E115928BCB /* PersistedFocusSession.swift */,
				C17386F3788F2D2F1263DBDD /* PomodoroState.swift */,
				EBAABDC097244664E4B881E9 /* SlackCalendarSettings.swift */,
			);
			path = Models;
			sourceTree = "<group>";
		};
		5AF2FE4BCEA66A832CB8637D /* Resources */ = {
			isa = PBXGroup;
			children = (
				B7294FD9B10CC42662103B9B /* AppIcon.icns */,
				8106D91600D3C2013F5ACD33 /* bell.aiff */,
				C7E61C75E38A608F61F0D844 /* confirmation_003.aiff */,
				7E2AD28154EB8F29CA62613D /* en.lproj */,
				4F41CEC41E4906B3E45ACE6B /* es.lproj */,
				0DEA92C31BB1683C614672E5 /* focally-focus-off-signed.shortcut */,
				D1284C85CCD279FD11125147 /* focally-focus-on-signed.shortcut */,
				798F580A999292FEF45A0C39 /* glass_005.aiff */,
				C98C5639BCFE72D1706C0464 /* pluck_002.aiff */,
				9D7A94AF842BA26A1156F5E9 /* pt.lproj */,
				18BD5D25DEA66C56F6FC7A05 /* Fonts */,
				98ECF6F0911D78E7836F5068 /* Localizable.strings */,
			);
			path = Resources;
			sourceTree = "<group>";
		};
		7D55B2FE90BE0164AD717B93 /* Timer */ = {
			isa = PBXGroup;
			children = (
				4C4F3C46236A4B727B225E9D /* ActiveFocusView.swift */,
				9FCE523D9EFCCD10CFBD8794 /* EstimatedTimeCard.swift */,
				A60EAC6650F242AB6FC011BB /* FocusModeCard.swift */,
				3A1B83D3B0FB1DC2793D6ACF /* FocusModeEditSheet.swift */,
				B860787C9D927F44E814A0E0 /* IdleDashboardView.swift */,
				1AEE7F3695EF4097CA9CAA33 /* TimerControlsView.swift */,
				191E59EB17B55941B8BE4DFC /* TimerPage.swift */,
			);
			path = Timer;
			sourceTree = "<group>";
		};
		8B1AC60702DFF14DA17604AB /* Shared */ = {
			isa = PBXGroup;
			children = (
				B684F97343BEF991F6AC0F71 /* EmojiView.swift */,
				45E84D3100C98A086F2F66CA /* LocalizedText.swift */,
			);
			path = Shared;
			sourceTree = "<group>";
		};
		A408092242B9C158AA16CF2E /* DesignSystem */ = {
			isa = PBXGroup;
			children = (
				C748C5C5C964CFE0D53D32A8 /* CardModifier.swift */,
				8C2677CB56C06B2FD04DCAF2 /* DesignSystemTestView.swift */,
				440DA683BDD9156AD84D322C /* FocallyColors.swift */,
				EE5872A55A4E62A78C086B3F /* FocallyGlassModifier.swift */,
				633E55854AB377DA4F68B1CC /* FocallyRadius.swift */,
				887E284DE9F5C9CF995676B1 /* FocallySpacing.swift */,
				09C970E080ECA16E573C5DB4 /* FocallyTheme.swift */,
				126D47EF69130589A232D146 /* FocallyTypography.swift */,
			);
			path = DesignSystem;
			sourceTree = "<group>";
		};
		C30EC7C7E2228B6BE149EDDC /* Focally */ = {
			isa = PBXGroup;
			children = (
				B872379B2018EE66D478415E /* Assets.xcassets */,
				379E8BFD59E6CCE9B45FA35F /* Focally.entitlements */,
				A6B424719CB23B5544233E17 /* Info.plist */,
				442CEDEC7C104DB30E47CE7F /* OnItFocusApp.swift */,
				A408092242B9C158AA16CF2E /* DesignSystem */,
				4E8101EF9D6FF1BD04DC4D3E /* Models */,
				C570E45183822E3ECE9C3158 /* Observability */,
				5AF2FE4BCEA66A832CB8637D /* Resources */,
				F00A4423B12F413F1474634A /* Services */,
				122010126CD7EFB3D8B2BF85 /* Views */,
			);
			name = Focally;
			path = Sources/Focally;
			sourceTree = "<group>";
		};
		C570E45183822E3ECE9C3158 /* Observability */ = {
			isa = PBXGroup;
			children = (
				867AE7AACA30C0FD8D4ABA7E /* Logger.swift */,
				F92387AD9F889C1D3B3C1E65 /* Metrics.swift */,
			);
			path = Observability;
			sourceTree = "<group>";
		};
		DCFC64B297D521DB9401584A /* FocusModes */ = {
			isa = PBXGroup;
			children = (
				9B5FB366DF1C54F926DB356A /* AddFocusTypeSheet.swift */,
			);
			path = FocusModes;
			sourceTree = "<group>";
		};
		EE4B76F1DD57D4BEE173F223 /* Metrics */ = {
			isa = PBXGroup;
			children = (
				89097339EC6F280CD7AF1427 /* DailyMetricsView.swift */,
				A7C81AE90F26064902AB1692 /* DayOfMonthFilterSheet.swift */,
				1ED848256E51CF79ED15AE0E /* DayOfWeekFilterSheet.swift */,
				DA5FBFE134F2E3538C855A77 /* MetricsPage.swift */,
				FB59D3124E36D64872ABE213 /* MonthlyMetricsView.swift */,
				E4F7814C1833FF79761439FC /* WeeklyMetricsView.swift */,
			);
			path = Metrics;
			sourceTree = "<group>";
		};
		F00A4423B12F413F1474634A /* Services */ = {
			isa = PBXGroup;
			children = (
				997B8F1D411EBDB0ECE90EE3 /* CalendarEventAnalyzer.swift */,
				09083B42E25E01699D0688CD /* CalendarSlackIntegrationService.swift */,
				F2E3F6355136EFD90EE198C8 /* DNDService.swift */,
				E557172E7F71C3EFA1EC26BD /* EmojiCacheService.swift */,
				3202E9542B465D61E67F7FCD /* EmojiExtractor.swift */,
				1C383A748971397AA67CDC87 /* FocusIntegrationService.swift */,
				8BB52CAE8489AFF1847BDB3D /* FocusMetricsService.swift */,
				1032F662E9204A6D804DD2EF /* FocusTimerService.swift */,
				34C5B5DDD996A3525E4E2132 /* FocusTimerTicker.swift */,
				0BDD8975948D7ADA1DC629EF /* FocusTypesService.swift */,
				4974D6DCBBEF4EDAD90D1BC8 /* KeychainHelper.swift */,
				74F4F2AE23DFD90F463FD655 /* ManagedFocusShortcutsService.swift */,
				4414920B6A39DCAF591E7C0D /* NotificationService.swift */,
				DD86686DB30D916F1B8BA083 /* PermissionService.swift */,
				482DD8C2A7930D3627965D9D /* SessionPersistenceService.swift */,
				86E8C1CF44EBDEC378C64D75 /* SettingsStore.swift */,
				24AE78AD7DB1C41AF3546103 /* ShortcutDropHandler.swift */,
				0179E6DB0D32C6C38E33CE35 /* SlackService.swift */,
				E6D891CCE8D1B47F36A376EF /* SoundPlayerService.swift */,
				4FA3DCAA5E8BBB08B4F07FBC /* UpdateCheckerService.swift */,
				F73FD9C93C410F06A3F70522 /* UTType+Shortcut.swift */,
				489186597FBC47E63912C62F /* WorkspaceLifecycleCoordinator.swift */,
			);
			path = Services;
			sourceTree = "<group>";
		};
		F831EF04D80C14D3ADB7C648 /* Calendar */ = {
			isa = PBXGroup;
			children = (
				ECC6A5FE697AA23DE9211391 /* CalendarMeetingCard.swift */,
			);
			path = Calendar;
			sourceTree = "<group>";
		};
		FA124C2C4FF6A6CB599B6642 /* Settings */ = {
			isa = PBXGroup;
			children = (
				FADCCBBE20EDDDB13F223879 /* AboutSettingsView.swift */,
				F09389E957ADEB70D2BD6A48 /* AppearanceSettingsView.swift */,
				E0B0A006AE023C6292115993 /* FocusTypesSettingsView.swift */,
				333B9C2677E37101A21C54C8 /* GeneralSettingsView.swift */,
				31D39D966FFC20A42278A9DC /* IntegrationsSettingsView.swift */,
				B3380D59838114A5E74EC8FB /* LanguageSettingsView.swift */,
				80AE26497177767F58D61D45 /* SettingsPage.swift */,
			);
			path = Settings;
			sourceTree = "<group>";
		};
/* End PBXGroup section */

/* Begin PBXNativeTarget section */
		1AC72FE47D0D41C21F0D01AB /* Focally */ = {
			isa = PBXNativeTarget;
			buildConfigurationList = 2CEF1E0001AC6CFE0752BAED /* Build configuration list for PBXNativeTarget "Focally" */;
			buildPhases = (
				30DD3BA96A51B15AAC5D15F8 /* Sources */,
				307B2FF5EED8DE0F2FB98A22 /* Resources */,
			);
			buildRules = (
			);
			dependencies = (
			);
			name = Focally;
			packageProductDependencies = (
			);
			productName = Focally;
			productReference = 8E5322A16B3B60603C5509F9 /* Focally.app */;
			productType = "com.apple.product-type.application";
		};
		421C378FD351C0B40085048E /* FocallyTests */ = {
			isa = PBXNativeTarget;
			buildConfigurationList = F16376535F4DDF3F59789B9D /* Build configuration list for PBXNativeTarget "FocallyTests" */;
			buildPhases = (
				6A996F35F08B4E809EEA6050 /* Sources */,
				940DAB78F702C65FEA6C9C5A /* Frameworks */,
			);
			buildRules = (
			);
			dependencies = (
				907A8260BF1DE598DF78C51C /* PBXTargetDependency */,
			);
			name = FocallyTests;
			packageProductDependencies = (
			);
			productName = FocallyTests;
			productReference = 02A06E8000779E54DAFAFDDB /* FocallyTests.xctest */;
			productType = "com.apple.product-type.bundle.unit-test";
		};
		94362290CFDEA1E1D0588B06 /* FocallyUITests */ = {
			isa = PBXNativeTarget;
			buildConfigurationList = D1BDAD57F46A0555065D0421 /* Build configuration list for PBXNativeTarget "FocallyUITests" */;
			buildPhases = (
				F783AD9C2ABB3765E06D05FD /* Sources */,
				6DA4D07112D1628A5CC62BC2 /* Frameworks */,
			);
			buildRules = (
			);
			dependencies = (
				4705473FD3AC236939242679 /* PBXTargetDependency */,
			);
			name = FocallyUITests;
			packageProductDependencies = (
			);
			productName = FocallyUITests;
			productReference = CBFE7A23E5D451FB60786396 /* FocallyUITests.bundle */;
			productType = "com.apple.product-type.bundle";
		};
/* End PBXNativeTarget section */

/* Begin PBXProject section */
		9D3C71A65D62656251FA73B9 /* Project object */ = {
			isa = PBXProject;
			attributes = {
				BuildIndependentTargetsInParallel = YES;
				LastUpgradeCheck = 1500;
				TargetAttributes = {
					1AC72FE47D0D41C21F0D01AB = {
						ProvisioningStyle = Automatic;
					};
					421C378FD351C0B40085048E = {
						ProvisioningStyle = Automatic;
					};
					94362290CFDEA1E1D0588B06 = {
						ProvisioningStyle = Automatic;
					};
				};
			};
			buildConfigurationList = F9DBC3DFFF435732D07C9C0B /* Build configuration list for PBXProject "Focally" */;
			developmentRegion = en;
			hasScannedForEncodings = 0;
			knownRegions = (
				Base,
				en,
				es,
				pt,
			);
			mainGroup = 4051D8D7C7F98FDA8B860CCE;
			minimizedProjectReferenceProxies = 1;
			preferredProjectObjectVersion = 77;
			productRefGroup = 33154AF2EF8078375483C6A2 /* Products */;
			projectDirPath = "";
			projectRoot = "";
			targets = (
				1AC72FE47D0D41C21F0D01AB /* Focally */,
				421C378FD351C0B40085048E /* FocallyTests */,
				94362290CFDEA1E1D0588B06 /* FocallyUITests */,
			);
		};
/* End PBXProject section */

/* Begin PBXResourcesBuildPhase section */
		307B2FF5EED8DE0F2FB98A22 /* Resources */ = {
			isa = PBXResourcesBuildPhase;
			buildActionMask = 2147483647;
			files = (
				ADF6E6ACAE531242A66946CB /* AppIcon.icns in Resources */,
				EA48D35F158E4DC1C71ED845 /* Assets.xcassets in Resources */,
				809EBE91F71EE7FC5E7AE0C8 /* Inter-Bold.ttf in Resources */,
				803039DD967F5D993EC45A02 /* Inter-Medium.ttf in Resources */,
				00FDD701DB74DCD2D82E469B /* Inter-Regular.ttf in Resources */,
				CC6B0E5B7BD7393534E5039F /* Inter-SemiBold.ttf in Resources */,
				42238CB9D8ABDFB1628167C2 /* Localizable.strings in Resources */,
				679740AFC847642945563E39 /* bell.aiff in Resources */,
				4DA6D3EC99C075CD80C09883 /* confirmation_003.aiff in Resources */,
				4918E9CBBD4CC68BA3921FA3 /* en.lproj in Resources */,
				5B72D2EA62C4AE9E2D086EF6 /* es.lproj in Resources */,
				0C4F5B379C1114D2F4F50C2E /* focally-focus-off-signed.shortcut in Resources */,
				68F5DEEE11D3BCAD5A8B1A63 /* focally-focus-on-signed.shortcut in Resources */,
				1EB7549C72A8A8EBB126ADED /* glass_005.aiff in Resources */,
				D47E178868502051F8D6A991 /* pluck_002.aiff in Resources */,
				51CC745EDB82F7DA9B0F6417 /* pt.lproj in Resources */,
			);
			runOnlyForDeploymentPostprocessing = 0;
		};
/* End PBXResourcesBuildPhase section */

/* Begin PBXSourcesBuildPhase section */
		30DD3BA96A51B15AAC5D15F8 /* Sources */ = {
			isa = PBXSourcesBuildPhase;
			buildActionMask = 2147483647;
			files = (
				A5C5DDFD64A5AA925679A34B /* AboutSettingsView.swift in Sources */,
				CAECDE4AC6D75573BAECAF34 /* ActiveFocusView.swift in Sources */,
				E5668B1A5B138A46B622466A /* AddFocusTypeSheet.swift in Sources */,
				3C00972814298660B247AD5A /* AppLanguage.swift in Sources */,
				62800918C6A9ABAF71CE9F6C /* AppearanceSettingsView.swift in Sources */,
				F50653D56FC8CC950F89B6B6 /* CalendarEventAnalyzer.swift in Sources */,
				4C0A3FE7746EDEED810ABE73 /* CalendarMeetingCard.swift in Sources */,
				97E3AD06B833C445DDDAA2B4 /* CalendarSlackIntegrationService.swift in Sources */,
				569C27BAFE95086403B5EBD0 /* CardModifier.swift in Sources */,
				7C262F088F990DED923716C5 /* DNDService.swift in Sources */,
				BB40A5E3AF07A27BBAD14850 /* DailyMetricsView.swift in Sources */,
				77F5833236C41851956FFA35 /* DayOfMonthFilterSheet.swift in Sources */,
				3F2C012DD23E311952774209 /* DayOfWeekFilterSheet.swift in Sources */,
				B83B768C2CF5BCC948DBD75B /* DesignSystemTestView.swift in Sources */,
				B758763E9D491EC281759FA3 /* EmojiCacheService.swift in Sources */,
				E7E1B631AF43E94BE5D1A213 /* EmojiExtractor.swift in Sources */,
				6B6C84E33B67757CA8B0CB18 /* EmojiView.swift in Sources */,
				97DD6CBC31149C9D2AA59EDF /* EstimatedTimeCard.swift in Sources */,
				5F838DC6DC730CF3D6EA46D9 /* FocallyColors.swift in Sources */,
				3CC347CA3B86E21F7D0947E8 /* FocallyGlassModifier.swift in Sources */,
				D626EF73E0ACD103321976D9 /* FocallyRadius.swift in Sources */,
				72C50B6FF38D05A2E9F440C5 /* FocallySpacing.swift in Sources */,
				4E171CBDCAE413F2F4D0F49F /* FocallyTab.swift in Sources */,
				970D3C8AD2A7D59A0BB95DCC /* FocallyTheme.swift in Sources */,
				F2B8CBD723F1F53867939192 /* FocallyTypography.swift in Sources */,
				D9CA31F63FDF043AE3F4D10C /* FocusIntegrationService.swift in Sources */,
				EAF1E3D598E57F3827176A93 /* FocusMetricsService.swift in Sources */,
				3CA50BD80850175F7912AB33 /* FocusMode.swift in Sources */,
				41890883893A4D5DB94888F7 /* FocusModeCard.swift in Sources */,
				D7092685F6CD40CC458A66C1 /* FocusModeEditSheet.swift in Sources */,
				84EF6C4BB36E75A5A9DF22B3 /* FocusSessionRecord.swift in Sources */,
				F1D0296A1D2E03E29B5268CB /* FocusSetupView.swift in Sources */,
				EA47EA69F07B97F12E89C9EA /* FocusTimerService.swift in Sources */,
				6EFB8B30AE5AAFA2CBCF3950 /* FocusTimerTicker.swift in Sources */,
				2A37C62EE60CCEEBE24F3D2B /* FocusType.swift in Sources */,
				F40DF10DF8C6C9AE7C7004D7 /* FocusTypeDescriptor.swift in Sources */,
				1E17BA06DAEC282EBDA56AFD /* FocusTypesService.swift in Sources */,
				347C6E30DA41A08BCF67E7AE /* FocusTypesSettingsView.swift in Sources */,
				ADAA439E664426F93640E1CC /* GeneralSettingsView.swift in Sources */,
				502C0C2CECF49B7B51437EA5 /* IdleDashboardView.swift in Sources */,
				2014D50F7122A0AFCBDA1855 /* IntegrationsSettingsView.swift in Sources */,
				8F78AC672E80865A93223480 /* KeychainHelper.swift in Sources */,
				EF03680027AC8B646E16D2C3 /* LanguageSettingsView.swift in Sources */,
				2731EA700E29620308CD9A7A /* LocalizedText.swift in Sources */,
				63A648A7E8ACFA991912B86D /* Logger.swift in Sources */,
				D838842FB637F4CF25588D4E /* MainWindow.swift in Sources */,
				470674ED676ABCEE360D6491 /* ManagedFocusShortcutsService.swift in Sources */,
				F94CE01D65F077489B5FCEC0 /* MenuBarDropdownView.swift in Sources */,
				B451FACCAC9DBC96264B7812 /* Metrics.swift in Sources */,
				0E041FFD0374DC4E0391F641 /* MetricsPage.swift in Sources */,
				91620130CF7F160A52EED66A /* MonthlyMetricsView.swift in Sources */,
				6CB349FD5A20890E40E0ECC3 /* NotificationService.swift in Sources */,
				71297668B2A2B4A07624D8FC /* OnItFocusApp.swift in Sources */,
				9D6DB5388C88D7DDB0AF8655 /* PermissionService.swift in Sources */,
				4904DB087CDE1FDE69A95334 /* PersistedFocusSession.swift in Sources */,
				36E84D8E2E026E279FB6512E /* PomodoroState.swift in Sources */,
				67B5DD1ACE3D39898FAA43C6 /* SessionPersistenceService.swift in Sources */,
				DD17CDE1096E671F174DE5C0 /* SettingsPage.swift in Sources */,
				93EE71221692619CD1E52FB0 /* SettingsStore.swift in Sources */,
				22CE09543F47353743C5813D /* SharedComponents.swift in Sources */,
				E10209BE84D6B1820856B74D /* ShortcutDropHandler.swift in Sources */,
				28F4668E8B5055976BA76C10 /* SidebarItemView.swift in Sources */,
				AAB08AFF8D55115118E12B39 /* SidebarView.swift in Sources */,
				3128A40B9240FF4BF6648363 /* SlackCalendarSettings.swift in Sources */,
				84AC2BAA9F2CCA1495A302B5 /* SlackService.swift in Sources */,
				1546EA3A0E314D00A7465E21 /* SoundPlayerService.swift in Sources */,
				0CB0FBE091E9FB84F36F2E5F /* TimerControlsView.swift in Sources */,
				91403EE941CCFB17EA5AD082 /* TimerPage.swift in Sources */,
				151E5A8420AFEC29524AF41F /* TopBarView.swift in Sources */,
				4013DB4168726C4BC319A849 /* UTType+Shortcut.swift in Sources */,
				EF16991241C55E181ED22ACF /* UpdateCheckerService.swift in Sources */,
				CD0D4EA3E43042D61BF97784 /* WeeklyMetricsView.swift in Sources */,
				23CA5E5D93EED629835AFEDE /* WorkspaceLifecycleCoordinator.swift in Sources */,
			);
			runOnlyForDeploymentPostprocessing = 0;
		};
		6A996F35F08B4E809EEA6050 /* Sources */ = {
			isa = PBXSourcesBuildPhase;
			buildActionMask = 2147483647;
			files = (
				F2B418ABC78985467BC39DC0 /* EmojiUsageTrackerTests.swift in Sources */,
				C3864524ED31392C860C9CB0 /* EmojiValidatorTests.swift in Sources */,
				B1E9F024B14AEA542E11AEE3 /* FocusMetricsServiceTests.swift in Sources */,
				23343E6DF0FA805301371444 /* FocusModeTests.swift in Sources */,
				2CED945CAF9A7201E1238792 /* FocusTimerServiceTests.swift in Sources */,
				6F971A4BAF0AFD199B6948A1 /* LayerTests.swift in Sources */,
				FDCE61CA17F494E3B712ACB5 /* PomodoroStateTests.swift in Sources */,
				611D1558627CFBC662CC3EC2 /* SessionPersistenceServiceTests.swift in Sources */,
				B089356893019F08B27B5734 /* SimpleTests.swift in Sources */,
				4A71B77749BFC19FA117E9D1 /* SlackServiceEmojiTests.swift in Sources */,
				514A298887A5C0137A1FE5FA /* SlackServiceSingletonTests.swift in Sources */,
				5E87D1D1B723D8B59DE9F6AB /* SoundPlayerServiceTests.swift in Sources */,
				4DEE05BD15C92AF20B72BBBA /* WorkspaceLifecycleCoordinatorTests.swift in Sources */,
			);
			runOnlyForDeploymentPostprocessing = 0;
		};
		F783AD9C2ABB3765E06D05FD /* Sources */ = {
			isa = PBXSourcesBuildPhase;
			buildActionMask = 2147483647;
			files = (
				29B7D127E99DE7B01F268890 /* FocallyUITests.swift in Sources */,
			);
			runOnlyForDeploymentPostprocessing = 0;
		};
/* End PBXSourcesBuildPhase section */

/* Begin PBXTargetDependency section */
		4705473FD3AC236939242679 /* PBXTargetDependency */ = {
			isa = PBXTargetDependency;
			target = 1AC72FE47D0D41C21F0D01AB /* Focally */;
			targetProxy = 02532483FC99B405A079B530 /* PBXContainerItemProxy */;
		};
		907A8260BF1DE598DF78C51C /* PBXTargetDependency */ = {
			isa = PBXTargetDependency;
			target = 1AC72FE47D0D41C21F0D01AB /* Focally */;
			targetProxy = 1D142BD0D61C024E91962404 /* PBXContainerItemProxy */;
		};
/* End PBXTargetDependency section */

/* Begin PBXVariantGroup section */
		98ECF6F0911D78E7836F5068 /* Localizable.strings */ = {
			isa = PBXVariantGroup;
			children = (
				53488A3E81071ACFBF858568 /* en */,
				094ACF4CCDAE678B0F17C701 /* es */,
				CE97A0C0BBC4E27B49C8967D /* pt */,
			);
			name = Localizable.strings;
			sourceTree = "<group>";
		};
/* End PBXVariantGroup section */

/* Begin XCBuildConfiguration section */
		10F7F8A7BA61FA50E60011A8 /* Debug */ = {
			isa = XCBuildConfiguration;
			buildSettings = {
				ASSETCATALOG_COMPILER_APPICON_NAME = AppIcon;
				ASSETCATALOG_COMPILER_COLOR_SET_NAME = focally;
				CODE_SIGN_ENTITLEMENTS = Focally/Focally.entitlements;
				CODE_SIGN_STYLE = Automatic;
				COMBINE_HIDPI_IMAGES = YES;
				CURRENT_PROJECT_VERSION = 79;
				ENABLE_PREVIEWS = YES;
				GENERATE_INFOPLIST_FILE = NO;
				INFOPLIST_FILE = Sources/Focally/Info.plist;
				LD_RUNPATH_SEARCH_PATHS = (
					"$(inherited)",
					"@executable_path/../Frameworks",
				);
				MARKETING_VERSION = 0.9.6;
				PRODUCT_BUNDLE_IDENTIFIER = app.focally.Focally;
				PRODUCT_BUNDLE_NAME = Focally;
				SDKROOT = macosx;
				SWIFT_EMIT_LOC_STRINGS = YES;
			};
			name = Debug;
		};
		56D938045B62ECB3D7CB8032 /* Debug */ = {
			isa = XCBuildConfiguration;
			buildSettings = {
				BUNDLE_LOADER = "$(TEST_HOST)";
				CODE_SIGN_STYLE = Automatic;
				COMBINE_HIDPI_IMAGES = YES;
				GENERATE_INFOPLIST_FILE = NO;
				INFOPLIST_FILE = Tests/FocallyTests/Info.plist;
				LD_RUNPATH_SEARCH_PATHS = "$(inherited) @executable_path/../Frameworks @loader_path/../Frameworks";
				MACOSX_DEPLOYMENT_TARGET = 14.0;
				PRODUCT_BUNDLE_IDENTIFIER = app.focally.mac.Tests;
				PRODUCT_BUNDLE_NAME = FocallyTests;
				SDKROOT = macosx;
				SWIFT_VERSION = 5.9;
				TEST_HOST = "$(BUILT_PRODUCTS_DIR)/Focally.app/Contents/MacOS/Focally";
			};
			name = Debug;
		};
		59FD3D472D0A3F4E558097D7 /* Debug */ = {
			isa = XCBuildConfiguration;
			buildSettings = {
				CODE_SIGN_STYLE = Automatic;
				COMBINE_HIDPI_IMAGES = YES;
				GENERATE_INFOPLIST_FILE = NO;
				INFOPLIST_FILE = Tests/FocallyUITests/Info.plist;
				LD_RUNPATH_SEARCH_PATHS = (
					"$(inherited)",
					"@executable_path/../Frameworks",
				);
				PRODUCT_BUNDLE_IDENTIFIER = app.focally.mac.UITests;
				PRODUCT_BUNDLE_NAME = FocallyUITests;
				SDKROOT = macosx;
			};
			name = Debug;
		};
		704058E10A134E2B2EDC90FA /* Release */ = {
			isa = XCBuildConfiguration;
			buildSettings = {
				ASSETCATALOG_COMPILER_APPICON_NAME = AppIcon;
				ASSETCATALOG_COMPILER_COLOR_SET_NAME = focally;
				CODE_SIGN_ENTITLEMENTS = Focally/Focally.entitlements;
				CODE_SIGN_STYLE = Automatic;
				COMBINE_HIDPI_IMAGES = YES;
				CURRENT_PROJECT_VERSION = 79;
				ENABLE_PREVIEWS = YES;
				GENERATE_INFOPLIST_FILE = NO;
				INFOPLIST_FILE = Sources/Focally/Info.plist;
				LD_RUNPATH_SEARCH_PATHS = (
					"$(inherited)",
					"@executable_path/../Frameworks",
				);
				MARKETING_VERSION = 0.9.6;
				PRODUCT_BUNDLE_IDENTIFIER = app.focally.Focally;
				PRODUCT_BUNDLE_NAME = Focally;
				SDKROOT = macosx;
				SWIFT_EMIT_LOC_STRINGS = YES;
			};
			name = Release;
		};
		786B79E1DF35913B52BE5BFE /* Release */ = {
			isa = XCBuildConfiguration;
			buildSettings = {
				BUNDLE_LOADER = "$(TEST_HOST)";
				CODE_SIGN_STYLE = Automatic;
				COMBINE_HIDPI_IMAGES = YES;
				GENERATE_INFOPLIST_FILE = NO;
				INFOPLIST_FILE = Tests/FocallyTests/Info.plist;
				LD_RUNPATH_SEARCH_PATHS = "$(inherited) @executable_path/../Frameworks @loader_path/../Frameworks";
				MACOSX_DEPLOYMENT_TARGET = 14.0;
				PRODUCT_BUNDLE_IDENTIFIER = app.focally.mac.Tests;
				PRODUCT_BUNDLE_NAME = FocallyTests;
				SDKROOT = macosx;
				SWIFT_VERSION = 5.9;
				TEST_HOST = "$(BUILT_PRODUCTS_DIR)/Focally.app/Contents/MacOS/Focally";
			};
			name = Release;
		};
		7AF102B645A5E33723DD5256 /* Release */ = {
			isa = XCBuildConfiguration;
			buildSettings = {
				CODE_SIGN_STYLE = Automatic;
				COMBINE_HIDPI_IMAGES = YES;
				GENERATE_INFOPLIST_FILE = NO;
				INFOPLIST_FILE = Tests/FocallyUITests/Info.plist;
				LD_RUNPATH_SEARCH_PATHS = (
					"$(inherited)",
					"@executable_path/../Frameworks",
				);
				PRODUCT_BUNDLE_IDENTIFIER = app.focally.mac.UITests;
				PRODUCT_BUNDLE_NAME = FocallyUITests;
				SDKROOT = macosx;
			};
			name = Release;
		};
		E51998DAFD6DBF09F5063CA9 /* Release */ = {
			isa = XCBuildConfiguration;
			buildSettings = {
				ALWAYS_SEARCH_USER_PATHS = NO;
				CLANG_ANALYZER_NONNULL = YES;
				CLANG_ANALYZER_NUMBER_OBJECT_CONVERSION = YES_AGGRESSIVE;
				CLANG_CXX_LANGUAGE_STANDARD = "gnu++14";
				CLANG_CXX_LIBRARY = "libc++";
				CLANG_ENABLE_MODULES = YES;
				CLANG_ENABLE_OBJC_ARC = YES;
				CLANG_ENABLE_OBJC_WEAK = YES;
				CLANG_WARN_BLOCK_CAPTURE_AUTORELEASING = YES;
				CLANG_WARN_BOOL_CONVERSION = YES;
				CLANG_WARN_COMMA = YES;
				CLANG_WARN_CONSTANT_CONVERSION = YES;
				CLANG_WARN_DEPRECATED_OBJC_IMPLEMENTATIONS = YES;
				CLANG_WARN_DIRECT_OBJC_ISA_USAGE = YES_ERROR;
				CLANG_WARN_DOCUMENTATION_COMMENTS = YES;
				CLANG_WARN_EMPTY_BODY = YES;
				CLANG_WARN_ENUM_CONVERSION = YES;
				CLANG_WARN_INFINITE_RECURSION = YES;
				CLANG_WARN_INT_CONVERSION = YES;
				CLANG_WARN_NON_LITERAL_NULL_CONVERSION = YES;
				CLANG_WARN_OBJC_IMPLICIT_RETAIN_SELF = YES;
				CLANG_WARN_OBJC_LITERAL_CONVERSION = YES;
				CLANG_WARN_OBJC_ROOT_CLASS = YES_ERROR;
				CLANG_WARN_QUOTED_INCLUDE_IN_FRAMEWORK_HEADER = YES;
				CLANG_WARN_RANGE_LOOP_ANALYSIS = YES;
				CLANG_WARN_STRICT_PROTOTYPES = YES;
				CLANG_WARN_SUSPICIOUS_MOVE = YES;
				CLANG_WARN_UNGUARDED_AVAILABILITY = YES_AGGRESSIVE;
				CLANG_WARN_UNREACHABLE_CODE = YES;
				CLANG_WARN__DUPLICATE_METHOD_MATCH = YES;
				COPY_PHASE_STRIP = NO;
				DEBUG_INFORMATION_FORMAT = "dwarf-with-dsym";
				ENABLE_NS_ASSERTIONS = NO;
				ENABLE_STRICT_OBJC_MSGSEND = YES;
				GCC_C_LANGUAGE_STANDARD = gnu11;
				GCC_NO_COMMON_BLOCKS = YES;
				GCC_WARN_64_TO_32_BIT_CONVERSION = YES;
				GCC_WARN_ABOUT_RETURN_TYPE = YES_ERROR;
				GCC_WARN_UNDECLARED_SELECTOR = YES;
				GCC_WARN_UNINITIALIZED_AUTOS = YES_AGGRESSIVE;
				GCC_WARN_UNUSED_FUNCTION = YES;
				GCC_WARN_UNUSED_VARIABLE = YES;
				MACOSX_DEPLOYMENT_TARGET = 14.0;
				MTL_ENABLE_DEBUG_INFO = NO;
				MTL_FAST_MATH = YES;
				PRODUCT_NAME = "$(TARGET_NAME)";
				SDKROOT = macosx;
				SWIFT_COMPILATION_MODE = wholemodule;
				SWIFT_OPTIMIZATION_LEVEL = "-O";
				SWIFT_VERSION = 5.0;
			};
			name = Release;
		};
		F8940EA66B401DD4B1DE8C61 /* Debug */ = {
			isa = XCBuildConfiguration;
			buildSettings = {
				ALWAYS_SEARCH_USER_PATHS = NO;
				CLANG_ANALYZER_NONNULL = YES;
				CLANG_ANALYZER_NUMBER_OBJECT_CONVERSION = YES_AGGRESSIVE;
				CLANG_CXX_LANGUAGE_STANDARD = "gnu++14";
				CLANG_CXX_LIBRARY = "libc++";
				CLANG_ENABLE_MODULES = YES;
				CLANG_ENABLE_OBJC_ARC = YES;
				CLANG_ENABLE_OBJC_WEAK = YES;
				CLANG_WARN_BLOCK_CAPTURE_AUTORELEASING = YES;
				CLANG_WARN_BOOL_CONVERSION = YES;
				CLANG_WARN_COMMA = YES;
				CLANG_WARN_CONSTANT_CONVERSION = YES;
				CLANG_WARN_DEPRECATED_OBJC_IMPLEMENTATIONS = YES;
				CLANG_WARN_DIRECT_OBJC_ISA_USAGE = YES_ERROR;
				CLANG_WARN_DOCUMENTATION_COMMENTS = YES;
				CLANG_WARN_EMPTY_BODY = YES;
				CLANG_WARN_ENUM_CONVERSION = YES;
				CLANG_WARN_INFINITE_RECURSION = YES;
				CLANG_WARN_INT_CONVERSION = YES;
				CLANG_WARN_NON_LITERAL_NULL_CONVERSION = YES;
				CLANG_WARN_OBJC_IMPLICIT_RETAIN_SELF = YES;
				CLANG_WARN_OBJC_LITERAL_CONVERSION = YES;
				CLANG_WARN_OBJC_ROOT_CLASS = YES_ERROR;
				CLANG_WARN_QUOTED_INCLUDE_IN_FRAMEWORK_HEADER = YES;
				CLANG_WARN_RANGE_LOOP_ANALYSIS = YES;
				CLANG_WARN_STRICT_PROTOTYPES = YES;
				CLANG_WARN_SUSPICIOUS_MOVE = YES;
				CLANG_WARN_UNGUARDED_AVAILABILITY = YES_AGGRESSIVE;
				CLANG_WARN_UNREACHABLE_CODE = YES;
				CLANG_WARN__DUPLICATE_METHOD_MATCH = YES;
				COPY_PHASE_STRIP = NO;
				DEBUG_INFORMATION_FORMAT = dwarf;
				ENABLE_STRICT_OBJC_MSGSEND = YES;
				ENABLE_TESTABILITY = YES;
				GCC_C_LANGUAGE_STANDARD = gnu11;
				GCC_DYNAMIC_NO_PIC = NO;
				GCC_NO_COMMON_BLOCKS = YES;
				GCC_OPTIMIZATION_LEVEL = 0;
				GCC_PREPROCESSOR_DEFINITIONS = (
					"$(inherited)",
					"DEBUG=1",
				);
				GCC_WARN_64_TO_32_BIT_CONVERSION = YES;
				GCC_WARN_ABOUT_RETURN_TYPE = YES_ERROR;
				GCC_WARN_UNDECLARED_SELECTOR = YES;
				GCC_WARN_UNINITIALIZED_AUTOS = YES_AGGRESSIVE;
				GCC_WARN_UNUSED_FUNCTION = YES;
				GCC_WARN_UNUSED_VARIABLE = YES;
				MACOSX_DEPLOYMENT_TARGET = 14.0;
				MTL_ENABLE_DEBUG_INFO = INCLUDE_SOURCE;
				MTL_FAST_MATH = YES;
				ONLY_ACTIVE_ARCH = YES;
				PRODUCT_NAME = "$(TARGET_NAME)";
				SDKROOT = macosx;
				SWIFT_ACTIVE_COMPILATION_CONDITIONS = DEBUG;
				SWIFT_OPTIMIZATION_LEVEL = "-Onone";
				SWIFT_VERSION = 5.0;
			};
			name = Debug;
		};
/* End XCBuildConfiguration section */

/* Begin XCConfigurationList section */
		2CEF1E0001AC6CFE0752BAED /* Build configuration list for PBXNativeTarget "Focally" */ = {
			isa = XCConfigurationList;
			buildConfigurations = (
				10F7F8A7BA61FA50E60011A8 /* Debug */,
				704058E10A134E2B2EDC90FA /* Release */,
			);
			defaultConfigurationIsVisible = 0;
			defaultConfigurationName = Debug;
		};
		D1BDAD57F46A0555065D0421 /* Build configuration list for PBXNativeTarget "FocallyUITests" */ = {
			isa = XCConfigurationList;
			buildConfigurations = (
				59FD3D472D0A3F4E558097D7 /* Debug */,
				7AF102B645A5E33723DD5256 /* Release */,
			);
			defaultConfigurationIsVisible = 0;
			defaultConfigurationName = Debug;
		};
		F16376535F4DDF3F59789B9D /* Build configuration list for PBXNativeTarget "FocallyTests" */ = {
			isa = XCConfigurationList;
			buildConfigurations = (
				56D938045B62ECB3D7CB8032 /* Debug */,
				786B79E1DF35913B52BE5BFE /* Release */,
			);
			defaultConfigurationIsVisible = 0;
			defaultConfigurationName = Debug;
		};
		F9DBC3DFFF435732D07C9C0B /* Build configuration list for PBXProject "Focally" */ = {
			isa = XCConfigurationList;
			buildConfigurations = (
				F8940EA66B401DD4B1DE8C61 /* Debug */,
				E51998DAFD6DBF09F5063CA9 /* Release */,
			);
			defaultConfigurationIsVisible = 0;
			defaultConfigurationName = Debug;
		};
/* End XCConfigurationList section */
	};
	rootObject = 9D3C71A65D62656251FA73B9 /* Project object */;
}
